// !$*UTF8*$!
{
	archiveVersion = 1;
	classes = {
	};
	objectVersion = 46;
	objects = {

/* Begin PBXBuildFile section */
		168074D8202859FF00BFF0E1 /* CountryTableViewCell.swift in Sources */ = {isa = PBXBuildFile; fileRef = 168074D7202859FF00BFF0E1 /* CountryTableViewCell.swift */; };
		3A1108491F64371000508D7E /* CountriesAPI.swift in Sources */ = {isa = PBXBuildFile; fileRef = 3A1108481F64371000508D7E /* CountriesAPI.swift */; };
		3A11084C1F644A0200508D7E /* Country.swift in Sources */ = {isa = PBXBuildFile; fileRef = 3A11084B1F644A0200508D7E /* Country.swift */; };
		84E58E4B1F61DDB30089CEC7 /* AppDelegate.swift in Sources */ = {isa = PBXBuildFile; fileRef = 84E58E4A1F61DDB30089CEC7 /* AppDelegate.swift */; };
		84E58E4D1F61DDB30089CEC7 /* GeneralCountriesViewController.swift in Sources */ = {isa = PBXBuildFile; fileRef = 84E58E4C1F61DDB30089CEC7 /* GeneralCountriesViewController.swift */; };
		84E58E501F61DDB30089CEC7 /* Main.storyboard in Resources */ = {isa = PBXBuildFile; fileRef = 84E58E4E1F61DDB30089CEC7 /* Main.storyboard */; };
		84E58E531F61DDB30089CEC7 /* TravelAssistant_iOS.xcdatamodeld in Sources */ = {isa = PBXBuildFile; fileRef = 84E58E511F61DDB30089CEC7 /* TravelAssistant_iOS.xcdatamodeld */; };
		84E58E551F61DDB30089CEC7 /* Assets.xcassets in Resources */ = {isa = PBXBuildFile; fileRef = 84E58E541F61DDB30089CEC7 /* Assets.xcassets */; };
		84E58E581F61DDB30089CEC7 /* LaunchScreen.storyboard in Resources */ = {isa = PBXBuildFile; fileRef = 84E58E561F61DDB30089CEC7 /* LaunchScreen.storyboard */; };
		84E58E631F61DDB30089CEC7 /* TravelAssistant_iOSTests.swift in Sources */ = {isa = PBXBuildFile; fileRef = 84E58E621F61DDB30089CEC7 /* TravelAssistant_iOSTests.swift */; };
		B6A1772FCAC5929206B6B19F /* Pods_TravelAssistant_iOS.framework in Frameworks */ = {isa = PBXBuildFile; fileRef = 828BC18A0B3C3625575DF211 /* Pods_TravelAssistant_iOS.framework */; };
		BB8B3443EC321D1D27E144ED /* Pods_TravelAssistant_iOSTests.framework in Frameworks */ = {isa = PBXBuildFile; fileRef = 2712B7B575D369C27C5A6210 /* Pods_TravelAssistant_iOSTests.framework */; };
/* End PBXBuildFile section */

/* Begin PBXContainerItemProxy section */
		84E58E5F1F61DDB30089CEC7 /* PBXContainerItemProxy */ = {
			isa = PBXContainerItemProxy;
			containerPortal = 84E58E3F1F61DDB30089CEC7 /* Project object */;
			proxyType = 1;
			remoteGlobalIDString = 84E58E461F61DDB30089CEC7;
			remoteInfo = "TravelAssistant-iOS";
		};
/* End PBXContainerItemProxy section */

/* Begin PBXFileReference section */
		0EEEBC13BC2594FABC41F929 /* Pods-TravelAssistant-iOS.debug.xcconfig */ = {isa = PBXFileReference; includeInIndex = 1; lastKnownFileType = text.xcconfig; name = "Pods-TravelAssistant-iOS.debug.xcconfig"; path = "Pods/Target Support Files/Pods-TravelAssistant-iOS/Pods-TravelAssistant-iOS.debug.xcconfig"; sourceTree = "<group>"; };
		168074D7202859FF00BFF0E1 /* CountryTableViewCell.swift */ = {isa = PBXFileReference; lastKnownFileType = sourcecode.swift; path = CountryTableViewCell.swift; sourceTree = "<group>"; };
		2712B7B575D369C27C5A6210 /* Pods_TravelAssistant_iOSTests.framework */ = {isa = PBXFileReference; explicitFileType = wrapper.framework; includeInIndex = 0; path = Pods_TravelAssistant_iOSTests.framework; sourceTree = BUILT_PRODUCTS_DIR; };
		3A1108481F64371000508D7E /* CountriesAPI.swift */ = {isa = PBXFileReference; fileEncoding = 4; lastKnownFileType = sourcecode.swift; path = CountriesAPI.swift; sourceTree = "<group>"; };
		3A11084B1F644A0200508D7E /* Country.swift */ = {isa = PBXFileReference; fileEncoding = 4; lastKnownFileType = sourcecode.swift; path = Country.swift; sourceTree = "<group>"; };
		50F7AD838A69695F1A7C52AE /* Pods-TravelAssistant-iOS.release.xcconfig */ = {isa = PBXFileReference; includeInIndex = 1; lastKnownFileType = text.xcconfig; name = "Pods-TravelAssistant-iOS.release.xcconfig"; path = "Pods/Target Support Files/Pods-TravelAssistant-iOS/Pods-TravelAssistant-iOS.release.xcconfig"; sourceTree = "<group>"; };
		5B3960513C74A8F5A6B20C21 /* Pods-TravelAssistant-iOSTests.debug.xcconfig */ = {isa = PBXFileReference; includeInIndex = 1; lastKnownFileType = text.xcconfig; name = "Pods-TravelAssistant-iOSTests.debug.xcconfig"; path = "Pods/Target Support Files/Pods-TravelAssistant-iOSTests/Pods-TravelAssistant-iOSTests.debug.xcconfig"; sourceTree = "<group>"; };
		828BC18A0B3C3625575DF211 /* Pods_TravelAssistant_iOS.framework */ = {isa = PBXFileReference; explicitFileType = wrapper.framework; includeInIndex = 0; path = Pods_TravelAssistant_iOS.framework; sourceTree = BUILT_PRODUCTS_DIR; };
		84E58E471F61DDB30089CEC7 /* TravelAssistant-iOS.app */ = {isa = PBXFileReference; explicitFileType = wrapper.application; includeInIndex = 0; path = "TravelAssistant-iOS.app"; sourceTree = BUILT_PRODUCTS_DIR; };
		84E58E4A1F61DDB30089CEC7 /* AppDelegate.swift */ = {isa = PBXFileReference; lastKnownFileType = sourcecode.swift; path = AppDelegate.swift; sourceTree = "<group>"; };
		84E58E4C1F61DDB30089CEC7 /* GeneralCountriesViewController.swift */ = {isa = PBXFileReference; lastKnownFileType = sourcecode.swift; path = GeneralCountriesViewController.swift; sourceTree = "<group>"; };
		84E58E4F1F61DDB30089CEC7 /* Base */ = {isa = PBXFileReference; lastKnownFileType = file.storyboard; name = Base; path = Base.lproj/Main.storyboard; sourceTree = "<group>"; };
		84E58E521F61DDB30089CEC7 /* TravelAssistant_iOS.xcdatamodel */ = {isa = PBXFileReference; lastKnownFileType = wrapper.xcdatamodel; path = TravelAssistant_iOS.xcdatamodel; sourceTree = "<group>"; };
		84E58E541F61DDB30089CEC7 /* Assets.xcassets */ = {isa = PBXFileReference; lastKnownFileType = folder.assetcatalog; path = Assets.xcassets; sourceTree = "<group>"; };
		84E58E571F61DDB30089CEC7 /* Base */ = {isa = PBXFileReference; lastKnownFileType = file.storyboard; name = Base; path = Base.lproj/LaunchScreen.storyboard; sourceTree = "<group>"; };
		84E58E591F61DDB30089CEC7 /* Info.plist */ = {isa = PBXFileReference; lastKnownFileType = text.plist.xml; path = Info.plist; sourceTree = "<group>"; };
		84E58E5E1F61DDB30089CEC7 /* TravelAssistant-iOSTests.xctest */ = {isa = PBXFileReference; explicitFileType = wrapper.cfbundle; includeInIndex = 0; path = "TravelAssistant-iOSTests.xctest"; sourceTree = BUILT_PRODUCTS_DIR; };
		84E58E621F61DDB30089CEC7 /* TravelAssistant_iOSTests.swift */ = {isa = PBXFileReference; lastKnownFileType = sourcecode.swift; path = TravelAssistant_iOSTests.swift; sourceTree = "<group>"; };
		84E58E641F61DDB30089CEC7 /* Info.plist */ = {isa = PBXFileReference; lastKnownFileType = text.plist.xml; path = Info.plist; sourceTree = "<group>"; };
		DF4192B9DB58B7909BF74108 /* Pods-TravelAssistant-iOSTests.release.xcconfig */ = {isa = PBXFileReference; includeInIndex = 1; lastKnownFileType = text.xcconfig; name = "Pods-TravelAssistant-iOSTests.release.xcconfig"; path = "Pods/Target Support Files/Pods-TravelAssistant-iOSTests/Pods-TravelAssistant-iOSTests.release.xcconfig"; sourceTree = "<group>"; };
/* End PBXFileReference section */

/* Begin PBXFrameworksBuildPhase section */
		84E58E441F61DDB30089CEC7 /* Frameworks */ = {
			isa = PBXFrameworksBuildPhase;
			buildActionMask = 2147483647;
			files = (
				B6A1772FCAC5929206B6B19F /* Pods_TravelAssistant_iOS.framework in Frameworks */,
			);
			runOnlyForDeploymentPostprocessing = 0;
		};
		84E58E5B1F61DDB30089CEC7 /* Frameworks */ = {
			isa = PBXFrameworksBuildPhase;
			buildActionMask = 2147483647;
			files = (
				BB8B3443EC321D1D27E144ED /* Pods_TravelAssistant_iOSTests.framework in Frameworks */,
			);
			runOnlyForDeploymentPostprocessing = 0;
		};
/* End PBXFrameworksBuildPhase section */

/* Begin PBXGroup section */
		168074D920285A2700BFF0E1 /* cells */ = {
			isa = PBXGroup;
			children = (
				168074D7202859FF00BFF0E1 /* CountryTableViewCell.swift */,
			);
			name = cells;
			sourceTree = "<group>";
		};
		3A1108421F6435B300508D7E /* model */ = {
			isa = PBXGroup;
			children = (
				3A11084A1F6440EA00508D7E /* beans */,
				3A1108471F64365300508D7E /* network */,
			);
			name = model;
			sourceTree = "<group>";
		};
		3A1108431F6435BA00508D7E /* view */ = {
			isa = PBXGroup;
			children = (
				3A1108451F6435F100508D7E /* storyboards */,
			);
			name = view;
			sourceTree = "<group>";
		};
		3A1108441F6435C300508D7E /* controller */ = {
			isa = PBXGroup;
			children = (
				168074D920285A2700BFF0E1 /* cells */,
				84E58E4C1F61DDB30089CEC7 /* GeneralCountriesViewController.swift */,
			);
			name = controller;
			sourceTree = "<group>";
		};
		3A1108451F6435F100508D7E /* storyboards */ = {
			isa = PBXGroup;
			children = (
				84E58E4E1F61DDB30089CEC7 /* Main.storyboard */,
				84E58E561F61DDB30089CEC7 /* LaunchScreen.storyboard */,
			);
			name = storyboards;
			sourceTree = "<group>";
		};
		3A1108461F64360200508D7E /* support */ = {
			isa = PBXGroup;
			children = (
				84E58E4A1F61DDB30089CEC7 /* AppDelegate.swift */,
				84E58E541F61DDB30089CEC7 /* Assets.xcassets */,
				84E58E591F61DDB30089CEC7 /* Info.plist */,
				84E58E511F61DDB30089CEC7 /* TravelAssistant_iOS.xcdatamodeld */,
			);
			name = support;
			sourceTree = "<group>";
		};
		3A1108471F64365300508D7E /* network */ = {
			isa = PBXGroup;
			children = (
				3A1108481F64371000508D7E /* CountriesAPI.swift */,
			);
			name = network;
			sourceTree = "<group>";
		};
		3A11084A1F6440EA00508D7E /* beans */ = {
			isa = PBXGroup;
			children = (
				3A11084B1F644A0200508D7E /* Country.swift */,
			);
			name = beans;
			sourceTree = "<group>";
		};
		66F4476F7C6B7B52912024BE /* Pods */ = {
			isa = PBXGroup;
			children = (
				0EEEBC13BC2594FABC41F929 /* Pods-TravelAssistant-iOS.debug.xcconfig */,
				50F7AD838A69695F1A7C52AE /* Pods-TravelAssistant-iOS.release.xcconfig */,
				5B3960513C74A8F5A6B20C21 /* Pods-TravelAssistant-iOSTests.debug.xcconfig */,
				DF4192B9DB58B7909BF74108 /* Pods-TravelAssistant-iOSTests.release.xcconfig */,
			);
			name = Pods;
			sourceTree = "<group>";
		};
		84E58E3E1F61DDB30089CEC7 = {
			isa = PBXGroup;
			children = (
				84E58E491F61DDB30089CEC7 /* TravelAssistant-iOS */,
				84E58E611F61DDB30089CEC7 /* TravelAssistant-iOSTests */,
				84E58E481F61DDB30089CEC7 /* Products */,
				66F4476F7C6B7B52912024BE /* Pods */,
				C4CBA2DE63443E3D4ED7B7B8 /* Frameworks */,
			);
			sourceTree = "<group>";
		};
		84E58E481F61DDB30089CEC7 /* Products */ = {
			isa = PBXGroup;
			children = (
				84E58E471F61DDB30089CEC7 /* TravelAssistant-iOS.app */,
				84E58E5E1F61DDB30089CEC7 /* TravelAssistant-iOSTests.xctest */,
			);
			name = Products;
			sourceTree = "<group>";
		};
		84E58E491F61DDB30089CEC7 /* TravelAssistant-iOS */ = {
			isa = PBXGroup;
			children = (
				3A1108421F6435B300508D7E /* model */,
				3A1108431F6435BA00508D7E /* view */,
				3A1108441F6435C300508D7E /* controller */,
				3A1108461F64360200508D7E /* support */,
			);
			path = "TravelAssistant-iOS";
			sourceTree = "<group>";
		};
		84E58E611F61DDB30089CEC7 /* TravelAssistant-iOSTests */ = {
			isa = PBXGroup;
			children = (
				84E58E621F61DDB30089CEC7 /* TravelAssistant_iOSTests.swift */,
				84E58E641F61DDB30089CEC7 /* Info.plist */,
			);
			path = "TravelAssistant-iOSTests";
			sourceTree = "<group>";
		};
		C4CBA2DE63443E3D4ED7B7B8 /* Frameworks */ = {
			isa = PBXGroup;
			children = (
				828BC18A0B3C3625575DF211 /* Pods_TravelAssistant_iOS.framework */,
				2712B7B575D369C27C5A6210 /* Pods_TravelAssistant_iOSTests.framework */,
			);
			name = Frameworks;
			sourceTree = "<group>";
		};
/* End PBXGroup section */

/* Begin PBXNativeTarget section */
		84E58E461F61DDB30089CEC7 /* TravelAssistant-iOS */ = {
			isa = PBXNativeTarget;
			buildConfigurationList = 84E58E671F61DDB30089CEC7 /* Build configuration list for PBXNativeTarget "TravelAssistant-iOS" */;
			buildPhases = (
				CE646E5A9548EF17FC8A2535 /* [CP] Check Pods Manifest.lock */,
				84E58E431F61DDB30089CEC7 /* Sources */,
				84E58E441F61DDB30089CEC7 /* Frameworks */,
				84E58E451F61DDB30089CEC7 /* Resources */,
				98A64B8B45C229EF65122616 /* [CP] Embed Pods Frameworks */,
				FFB05F6E58E73833FF218DBE /* [CP] Copy Pods Resources */,
			);
			buildRules = (
			);
			dependencies = (
			);
			name = "TravelAssistant-iOS";
			productName = "TravelAssistant-iOS";
			productReference = 84E58E471F61DDB30089CEC7 /* TravelAssistant-iOS.app */;
			productType = "com.apple.product-type.application";
		};
		84E58E5D1F61DDB30089CEC7 /* TravelAssistant-iOSTests */ = {
			isa = PBXNativeTarget;
			buildConfigurationList = 84E58E6A1F61DDB30089CEC7 /* Build configuration list for PBXNativeTarget "TravelAssistant-iOSTests" */;
			buildPhases = (
				8DC7C28708AAFF83A4A726AE /* [CP] Check Pods Manifest.lock */,
				84E58E5A1F61DDB30089CEC7 /* Sources */,
				84E58E5B1F61DDB30089CEC7 /* Frameworks */,
				84E58E5C1F61DDB30089CEC7 /* Resources */,
				F4024F287D81C6AC987731E4 /* [CP] Embed Pods Frameworks */,
				C306E3826812693BBE387250 /* [CP] Copy Pods Resources */,
			);
			buildRules = (
			);
			dependencies = (
				84E58E601F61DDB30089CEC7 /* PBXTargetDependency */,
			);
			name = "TravelAssistant-iOSTests";
			productName = "TravelAssistant-iOSTests";
			productReference = 84E58E5E1F61DDB30089CEC7 /* TravelAssistant-iOSTests.xctest */;
			productType = "com.apple.product-type.bundle.unit-test";
		};
/* End PBXNativeTarget section */

/* Begin PBXProject section */
		84E58E3F1F61DDB30089CEC7 /* Project object */ = {
			isa = PBXProject;
			attributes = {
				LastSwiftUpdateCheck = 0830;
				LastUpgradeCheck = 0830;
				ORGANIZATIONNAME = Anton;
				TargetAttributes = {
					84E58E461F61DDB30089CEC7 = {
						CreatedOnToolsVersion = 8.3.3;
						DevelopmentTeam = 65UQE395BV;
						ProvisioningStyle = Automatic;
					};
					84E58E5D1F61DDB30089CEC7 = {
						CreatedOnToolsVersion = 8.3.3;
						ProvisioningStyle = Automatic;
						TestTargetID = 84E58E461F61DDB30089CEC7;
					};
				};
			};
			buildConfigurationList = 84E58E421F61DDB30089CEC7 /* Build configuration list for PBXProject "TravelAssistant-iOS" */;
			compatibilityVersion = "Xcode 3.2";
			developmentRegion = English;
			hasScannedForEncodings = 0;
			knownRegions = (
				en,
				Base,
			);
			mainGroup = 84E58E3E1F61DDB30089CEC7;
			productRefGroup = 84E58E481F61DDB30089CEC7 /* Products */;
			projectDirPath = "";
			projectRoot = "";
			targets = (
				84E58E461F61DDB30089CEC7 /* TravelAssistant-iOS */,
				84E58E5D1F61DDB30089CEC7 /* TravelAssistant-iOSTests */,
			);
		};
/* End PBXProject section */

/* Begin PBXResourcesBuildPhase section */
		84E58E451F61DDB30089CEC7 /* Resources */ = {
			isa = PBXResourcesBuildPhase;
			buildActionMask = 2147483647;
			files = (
				84E58E581F61DDB30089CEC7 /* LaunchScreen.storyboard in Resources */,
				84E58E551F61DDB30089CEC7 /* Assets.xcassets in Resources */,
				84E58E501F61DDB30089CEC7 /* Main.storyboard in Resources */,
			);
			runOnlyForDeploymentPostprocessing = 0;
		};
		84E58E5C1F61DDB30089CEC7 /* Resources */ = {
			isa = PBXResourcesBuildPhase;
			buildActionMask = 2147483647;
			files = (
			);
			runOnlyForDeploymentPostprocessing = 0;
		};
/* End PBXResourcesBuildPhase section */

/* Begin PBXShellScriptBuildPhase section */
		8DC7C28708AAFF83A4A726AE /* [CP] Check Pods Manifest.lock */ = {
			isa = PBXShellScriptBuildPhase;
			buildActionMask = 2147483647;
			files = (
			);
			inputPaths = (
				"${PODS_PODFILE_DIR_PATH}/Podfile.lock",
				"${PODS_ROOT}/Manifest.lock",
			);
			name = "[CP] Check Pods Manifest.lock";
			outputPaths = (
				"$(DERIVED_FILE_DIR)/Pods-TravelAssistant-iOSTests-checkManifestLockResult.txt",
			);
			runOnlyForDeploymentPostprocessing = 0;
			shellPath = /bin/sh;
			shellScript = "diff \"${PODS_PODFILE_DIR_PATH}/Podfile.lock\" \"${PODS_ROOT}/Manifest.lock\" > /dev/null\nif [ $? != 0 ] ; then\n    # print error to STDERR\n    echo \"error: The sandbox is not in sync with the Podfile.lock. Run 'pod install' or update your CocoaPods installation.\" >&2\n    exit 1\nfi\n# This output is used by Xcode 'outputs' to avoid re-running this script phase.\necho \"SUCCESS\" > \"${SCRIPT_OUTPUT_FILE_0}\"\n";
			showEnvVarsInLog = 0;
		};
		98A64B8B45C229EF65122616 /* [CP] Embed Pods Frameworks */ = {
			isa = PBXShellScriptBuildPhase;
			buildActionMask = 2147483647;
			files = (
			);
			inputPaths = (
				"${SRCROOT}/Pods/Target Support Files/Pods-TravelAssistant-iOS/Pods-TravelAssistant-iOS-frameworks.sh",
				"${BUILT_PRODUCTS_DIR}/Alamofire/Alamofire.framework",
				"${BUILT_PRODUCTS_DIR}/Kingfisher/Kingfisher.framework",
				"${BUILT_PRODUCTS_DIR}/Moya/Moya.framework",
				"${BUILT_PRODUCTS_DIR}/ObjectMapper/ObjectMapper.framework",
				"${BUILT_PRODUCTS_DIR}/Result/Result.framework",
				"${BUILT_PRODUCTS_DIR}/RxCocoa/RxCocoa.framework",
				"${BUILT_PRODUCTS_DIR}/RxSwift/RxSwift.framework",
			);
			name = "[CP] Embed Pods Frameworks";
			outputPaths = (
				"${TARGET_BUILD_DIR}/${FRAMEWORKS_FOLDER_PATH}/Alamofire.framework",
				"${TARGET_BUILD_DIR}/${FRAMEWORKS_FOLDER_PATH}/Kingfisher.framework",
				"${TARGET_BUILD_DIR}/${FRAMEWORKS_FOLDER_PATH}/Moya.framework",
				"${TARGET_BUILD_DIR}/${FRAMEWORKS_FOLDER_PATH}/ObjectMapper.framework",
				"${TARGET_BUILD_DIR}/${FRAMEWORKS_FOLDER_PATH}/Result.framework",
				"${TARGET_BUILD_DIR}/${FRAMEWORKS_FOLDER_PATH}/RxCocoa.framework",
				"${TARGET_BUILD_DIR}/${FRAMEWORKS_FOLDER_PATH}/RxSwift.framework",
			);
			runOnlyForDeploymentPostprocessing = 0;
			shellPath = /bin/sh;
			shellScript = "\"${SRCROOT}/Pods/Target Support Files/Pods-TravelAssistant-iOS/Pods-TravelAssistant-iOS-frameworks.sh\"\n";
			showEnvVarsInLog = 0;
		};
		C306E3826812693BBE387250 /* [CP] Copy Pods Resources */ = {
			isa = PBXShellScriptBuildPhase;
			buildActionMask = 2147483647;
			files = (
			);
			inputPaths = (
			);
			name = "[CP] Copy Pods Resources";
			outputPaths = (
			);
			runOnlyForDeploymentPostprocessing = 0;
			shellPath = /bin/sh;
			shellScript = "\"${SRCROOT}/Pods/Target Support Files/Pods-TravelAssistant-iOSTests/Pods-TravelAssistant-iOSTests-resources.sh\"\n";
			showEnvVarsInLog = 0;
		};
		CE646E5A9548EF17FC8A2535 /* [CP] Check Pods Manifest.lock */ = {
			isa = PBXShellScriptBuildPhase;
			buildActionMask = 2147483647;
			files = (
			);
			inputPaths = (
				"${PODS_PODFILE_DIR_PATH}/Podfile.lock",
				"${PODS_ROOT}/Manifest.lock",
			);
			name = "[CP] Check Pods Manifest.lock";
			outputPaths = (
				"$(DERIVED_FILE_DIR)/Pods-TravelAssistant-iOS-checkManifestLockResult.txt",
			);
			runOnlyForDeploymentPostprocessing = 0;
			shellPath = /bin/sh;
			shellScript = "diff \"${PODS_PODFILE_DIR_PATH}/Podfile.lock\" \"${PODS_ROOT}/Manifest.lock\" > /dev/null\nif [ $? != 0 ] ; then\n    # print error to STDERR\n    echo \"error: The sandbox is not in sync with the Podfile.lock. Run 'pod install' or update your CocoaPods installation.\" >&2\n    exit 1\nfi\n# This output is used by Xcode 'outputs' to avoid re-running this script phase.\necho \"SUCCESS\" > \"${SCRIPT_OUTPUT_FILE_0}\"\n";
			showEnvVarsInLog = 0;
		};
		F4024F287D81C6AC987731E4 /* [CP] Embed Pods Frameworks */ = {
			isa = PBXShellScriptBuildPhase;
			buildActionMask = 2147483647;
			files = (
			);
			inputPaths = (
			);
			name = "[CP] Embed Pods Frameworks";
			outputPaths = (
			);
			runOnlyForDeploymentPostprocessing = 0;
			shellPath = /bin/sh;
			shellScript = "\"${SRCROOT}/Pods/Target Support Files/Pods-TravelAssistant-iOSTests/Pods-TravelAssistant-iOSTests-frameworks.sh\"\n";
			showEnvVarsInLog = 0;
		};
		FFB05F6E58E73833FF218DBE /* [CP] Copy Pods Resources */ = {
			isa = PBXShellScriptBuildPhase;
			buildActionMask = 2147483647;
			files = (
			);
			inputPaths = (
			);
			name = "[CP] Copy Pods Resources";
			outputPaths = (
			);
			runOnlyForDeploymentPostprocessing = 0;
			shellPath = /bin/sh;
			shellScript = "\"${SRCROOT}/Pods/Target Support Files/Pods-TravelAssistant-iOS/Pods-TravelAssistant-iOS-resources.sh\"\n";
			showEnvVarsInLog = 0;
		};
/* End PBXShellScriptBuildPhase section */

/* Begin PBXSourcesBuildPhase section */
		84E58E431F61DDB30089CEC7 /* Sources */ = {
			isa = PBXSourcesBuildPhase;
			buildActionMask = 2147483647;
			files = (
				168074D8202859FF00BFF0E1 /* CountryTableViewCell.swift in Sources */,
				84E58E4D1F61DDB30089CEC7 /* GeneralCountriesViewController.swift in Sources */,
				84E58E531F61DDB30089CEC7 /* TravelAssistant_iOS.xcdatamodeld in Sources */,
				84E58E4B1F61DDB30089CEC7 /* AppDelegate.swift in Sources */,
				3A11084C1F644A0200508D7E /* Country.swift in Sources */,
				3A1108491F64371000508D7E /* CountriesAPI.swift in Sources */,
			);
			runOnlyForDeploymentPostprocessing = 0;
		};
		84E58E5A1F61DDB30089CEC7 /* Sources */ = {
			isa = PBXSourcesBuildPhase;
			buildActionMask = 2147483647;
			files = (
				84E58E631F61DDB30089CEC7 /* TravelAssistant_iOSTests.swift in Sources */,
			);
			runOnlyForDeploymentPostprocessing = 0;
		};
/* End PBXSourcesBuildPhase section */

/* Begin PBXTargetDependency section */
		84E58E601F61DDB30089CEC7 /* PBXTargetDependency */ = {
			isa = PBXTargetDependency;
			target = 84E58E461F61DDB30089CEC7 /* TravelAssistant-iOS */;
			targetProxy = 84E58E5F1F61DDB30089CEC7 /* PBXContainerItemProxy */;
		};
/* End PBXTargetDependency section */

/* Begin PBXVariantGroup section */
		84E58E4E1F61DDB30089CEC7 /* Main.storyboard */ = {
			isa = PBXVariantGroup;
			children = (
				84E58E4F1F61DDB30089CEC7 /* Base */,
			);
			name = Main.storyboard;
			sourceTree = "<group>";
		};
		84E58E561F61DDB30089CEC7 /* LaunchScreen.storyboard */ = {
			isa = PBXVariantGroup;
			children = (
				84E58E571F61DDB30089CEC7 /* Base */,
			);
			name = LaunchScreen.storyboard;
			sourceTree = "<group>";
		};
/* End PBXVariantGroup section */

/* Begin XCBuildConfiguration section */
		84E58E651F61DDB30089CEC7 /* Debug */ = {
			isa = XCBuildConfiguration;
			buildSettings = {
				ALWAYS_SEARCH_USER_PATHS = NO;
				CLANG_ANALYZER_NONNULL = YES;
				CLANG_ANALYZER_NUMBER_OBJECT_CONVERSION = YES_AGGRESSIVE;
				CLANG_CXX_LANGUAGE_STANDARD = "gnu++0x";
				CLANG_CXX_LIBRARY = "libc++";
				CLANG_ENABLE_MODULES = YES;
				CLANG_ENABLE_OBJC_ARC = YES;
				CLANG_WARN_BOOL_CONVERSION = YES;
				CLANG_WARN_CONSTANT_CONVERSION = YES;
				CLANG_WARN_DIRECT_OBJC_ISA_USAGE = YES_ERROR;
				CLANG_WARN_DOCUMENTATION_COMMENTS = YES;
				CLANG_WARN_EMPTY_BODY = YES;
				CLANG_WARN_ENUM_CONVERSION = YES;
				CLANG_WARN_INFINITE_RECURSION = YES;
				CLANG_WARN_INT_CONVERSION = YES;
				CLANG_WARN_OBJC_ROOT_CLASS = YES_ERROR;
				CLANG_WARN_SUSPICIOUS_MOVE = YES;
				CLANG_WARN_UNREACHABLE_CODE = YES;
				CLANG_WARN__DUPLICATE_METHOD_MATCH = YES;
				"CODE_SIGN_IDENTITY[sdk=iphoneos*]" = "iPhone Developer";
				COPY_PHASE_STRIP = NO;
				DEBUG_INFORMATION_FORMAT = dwarf;
				ENABLE_STRICT_OBJC_MSGSEND = YES;
				ENABLE_TESTABILITY = YES;
				GCC_C_LANGUAGE_STANDARD = gnu99;
				GCC_DYNAMIC_NO_PIC = NO;
				GCC_NO_COMMON_BLOCKS = YES;
				GCC_OPTIMIZATION_LEVEL = 0;
				GCC_PREPROCESSOR_DEFINITIONS = (
					"DEBUG=1",
					"$(inherited)",
				);
				GCC_WARN_64_TO_32_BIT_CONVERSION = YES;
				GCC_WARN_ABOUT_RETURN_TYPE = YES_ERROR;
				GCC_WARN_UNDECLARED_SELECTOR = YES;
				GCC_WARN_UNINITIALIZED_AUTOS = YES_AGGRESSIVE;
				GCC_WARN_UNUSED_FUNCTION = YES;
				GCC_WARN_UNUSED_VARIABLE = YES;
				IPHONEOS_DEPLOYMENT_TARGET = 10.3;
				MTL_ENABLE_DEBUG_INFO = YES;
				ONLY_ACTIVE_ARCH = YES;
				SDKROOT = iphoneos;
				SWIFT_ACTIVE_COMPILATION_CONDITIONS = DEBUG;
				SWIFT_OBJC_BRIDGING_HEADER = "";
				SWIFT_OPTIMIZATION_LEVEL = "-Onone";
				TARGETED_DEVICE_FAMILY = "1,2";
			};
			name = Debug;
		};
		84E58E661F61DDB30089CEC7 /* Release */ = {
			isa = XCBuildConfiguration;
			buildSettings = {
				ALWAYS_SEARCH_USER_PATHS = NO;
				CLANG_ANALYZER_NONNULL = YES;
				CLANG_ANALYZER_NUMBER_OBJECT_CONVERSION = YES_AGGRESSIVE;
				CLANG_CXX_LANGUAGE_STANDARD = "gnu++0x";
				CLANG_CXX_LIBRARY = "libc++";
				CLANG_ENABLE_MODULES = YES;
				CLANG_ENABLE_OBJC_ARC = YES;
				CLANG_WARN_BOOL_CONVERSION = YES;
				CLANG_WARN_CONSTANT_CONVERSION = YES;
				CLANG_WARN_DIRECT_OBJC_ISA_USAGE = YES_ERROR;
				CLANG_WARN_DOCUMENTATION_COMMENTS = YES;
				CLANG_WARN_EMPTY_BODY = YES;
				CLANG_WARN_ENUM_CONVERSION = YES;
				CLANG_WARN_INFINITE_RECURSION = YES;
				CLANG_WARN_INT_CONVERSION = YES;
				CLANG_WARN_OBJC_ROOT_CLASS = YES_ERROR;
				CLANG_WARN_SUSPICIOUS_MOVE = YES;
				CLANG_WARN_UNREACHABLE_CODE = YES;
				CLANG_WARN__DUPLICATE_METHOD_MATCH = YES;
				"CODE_SIGN_IDENTITY[sdk=iphoneos*]" = "iPhone Developer";
				COPY_PHASE_STRIP = NO;
				DEBUG_INFORMATION_FORMAT = "dwarf-with-dsym";
				ENABLE_NS_ASSERTIONS = NO;
				ENABLE_STRICT_OBJC_MSGSEND = YES;
				GCC_C_LANGUAGE_STANDARD = gnu99;
				GCC_NO_COMMON_BLOCKS = YES;
				GCC_WARN_64_TO_32_BIT_CONVERSION = YES;
				GCC_WARN_ABOUT_RETURN_TYPE = YES_ERROR;
				GCC_WARN_UNDECLARED_SELECTOR = YES;
				GCC_WARN_UNINITIALIZED_AUTOS = YES_AGGRESSIVE;
				GCC_WARN_UNUSED_FUNCTION = YES;
				GCC_WARN_UNUSED_VARIABLE = YES;
				IPHONEOS_DEPLOYMENT_TARGET = 10.3;
				MTL_ENABLE_DEBUG_INFO = NO;
				SDKROOT = iphoneos;
				SWIFT_OBJC_BRIDGING_HEADER = "";
				SWIFT_OPTIMIZATION_LEVEL = "-Owholemodule";
				TARGETED_DEVICE_FAMILY = "1,2";
				VALIDATE_PRODUCT = YES;
			};
			name = Release;
		};
		84E58E681F61DDB30089CEC7 /* Debug */ = {
			isa = XCBuildConfiguration;
			baseConfigurationReference = 0EEEBC13BC2594FABC41F929 /* Pods-TravelAssistant-iOS.debug.xcconfig */;
			buildSettings = {
				ASSETCATALOG_COMPILER_APPICON_NAME = AppIcon;
				DEVELOPMENT_TEAM = 65UQE395BV;
				INFOPLIST_FILE = "TravelAssistant-iOS/Info.plist";
				LD_RUNPATH_SEARCH_PATHS = "$(inherited) @executable_path/Frameworks";
				PRODUCT_BUNDLE_IDENTIFIER = "com.antonson.TravelAssistant-iOS";
				PRODUCT_NAME = "$(TARGET_NAME)";
				SWIFT_VERSION = 3.0;
			};
			name = Debug;
		};
		84E58E691F61DDB30089CEC7 /* Release */ = {
			isa = XCBuildConfiguration;
			baseConfigurationReference = 50F7AD838A69695F1A7C52AE /* Pods-TravelAssistant-iOS.release.xcconfig */;
			buildSettings = {
				ASSETCATALOG_COMPILER_APPICON_NAME = AppIcon;
				DEVELOPMENT_TEAM = 65UQE395BV;
				INFOPLIST_FILE = "TravelAssistant-iOS/Info.plist";
				LD_RUNPATH_SEARCH_PATHS = "$(inherited) @executable_path/Frameworks";
				PRODUCT_BUNDLE_IDENTIFIER = "com.antonson.TravelAssistant-iOS";
				PRODUCT_NAME = "$(TARGET_NAME)";
				SWIFT_VERSION = 3.0;
			};
			name = Release;
		};
		84E58E6B1F61DDB30089CEC7 /* Debug */ = {
			isa = XCBuildConfiguration;
			baseConfigurationReference = 5B3960513C74A8F5A6B20C21 /* Pods-TravelAssistant-iOSTests.debug.xcconfig */;
			buildSettings = {
				ALWAYS_EMBED_SWIFT_STANDARD_LIBRARIES = YES;
				BUNDLE_LOADER = "$(TEST_HOST)";
				INFOPLIST_FILE = "TravelAssistant-iOSTests/Info.plist";
				LD_RUNPATH_SEARCH_PATHS = "$(inherited) @executable_path/Frameworks @loader_path/Frameworks";
				PRODUCT_BUNDLE_IDENTIFIER = "com.antonson.TravelAssistant-iOSTests";
				PRODUCT_NAME = "$(TARGET_NAME)";
				SWIFT_VERSION = 3.0;
				TEST_HOST = "$(BUILT_PRODUCTS_DIR)/TravelAssistant-iOS.app/TravelAssistant-iOS";
			};
			name = Debug;
		};
		84E58E6C1F61DDB30089CEC7 /* Release */ = {
			isa = XCBuildConfiguration;
			baseConfigurationReference = DF4192B9DB58B7909BF74108 /* Pods-TravelAssistant-iOSTests.release.xcconfig */;
			buildSettings = {
				ALWAYS_EMBED_SWIFT_STANDARD_LIBRARIES = YES;
				BUNDLE_LOADER = "$(TEST_HOST)";
				INFOPLIST_FILE = "TravelAssistant-iOSTests/Info.plist";
				LD_RUNPATH_SEARCH_PATHS = "$(inherited) @executable_path/Frameworks @loader_path/Frameworks";
				PRODUCT_BUNDLE_IDENTIFIER = "com.antonson.TravelAssistant-iOSTests";
				PRODUCT_NAME = "$(TARGET_NAME)";
				SWIFT_VERSION = 3.0;
				TEST_HOST = "$(BUILT_PRODUCTS_DIR)/TravelAssistant-iOS.app/TravelAssistant-iOS";
			};
			name = Release;
		};
/* End XCBuildConfiguration section */

/* Begin XCConfigurationList section */
		84E58E421F61DDB30089CEC7 /* Build configuration list for PBXProject "TravelAssistant-iOS" */ = {
			isa = XCConfigurationList;
			buildConfigurations = (
				84E58E651F61DDB30089CEC7 /* Debug */,
				84E58E661F61DDB30089CEC7 /* Release */,
			);
			defaultConfigurationIsVisible = 0;
			defaultConfigurationName = Release;
		};
		84E58E671F61DDB30089CEC7 /* Build configuration list for PBXNativeTarget "TravelAssistant-iOS" */ = {
			isa = XCConfigurationList;
			buildConfigurations = (
				84E58E681F61DDB30089CEC7 /* Debug */,
				84E58E691F61DDB30089CEC7 /* Release */,
			);
			defaultConfigurationIsVisible = 0;
			defaultConfigurationName = Release;
		};
		84E58E6A1F61DDB30089CEC7 /* Build configuration list for PBXNativeTarget "TravelAssistant-iOSTests" */ = {
			isa = XCConfigurationList;
			buildConfigurations = (
				84E58E6B1F61DDB30089CEC7 /* Debug */,
				84E58E6C1F61DDB30089CEC7 /* Release */,
			);
			defaultConfigurationIsVisible = 0;
			defaultConfigurationName = Release;
		};
/* End XCConfigurationList section */

/* Begin XCVersionGroup section */
		84E58E511F61DDB30089CEC7 /* TravelAssistant_iOS.xcdatamodeld */ = {
			isa = XCVersionGroup;
			children = (
				84E58E521F61DDB30089CEC7 /* TravelAssistant_iOS.xcdatamodel */,
			);
			currentVersion = 84E58E521F61DDB30089CEC7 /* TravelAssistant_iOS.xcdatamodel */;
			path = TravelAssistant_iOS.xcdatamodeld;
			sourceTree = "<group>";
			versionGroupType = wrapper.xcdatamodel;
		};
/* End XCVersionGroup section */
	};
	rootObject = 84E58E3F1F61DDB30089CEC7 /* Project object */;
}
